
Microsoft Visual Studio Solution File, Format Version 12.00
# Visual Studio Version 17
VisualStudioVersion = 17.0.31919.166
MinimumVisualStudioVersion = 10.0.40219.1
Project("{FAE04EC0-301F-11D3-BF4B-00C04F79EFBC}") = "SignalRApp", "SignalRApp\SignalRApp.csproj", "{ACAA09FC-BE21-4D44-9056-1188BA3C699A}"
EndProject
Global
	GlobalSection(SolutionConfigurationPlatforms) = preSolution
		Debug|Any CPU = Debug|Any CPU
		Release|Any CPU = Release|Any CPU
	EndGlobalSection
	GlobalSection(ProjectConfigurationPlatforms) = postSolution
		{ACAA09FC-BE21-4D44-9056-1188BA3C699A}.Debug|Any CPU.ActiveCfg = Debug|Any CPU
		{ACAA09FC-BE21-4D44-9056-1188BA3C699A}.Debug|Any CPU.Build.0 = Debug|Any CPU
		{ACAA09FC-BE21-4D44-9056-1188BA3C699A}.Release|Any CPU.ActiveCfg = Release|Any CPU
		{ACAA09FC-BE21-4D44-9056-1188BA3C699A}.Release|Any CPU.Build.0 = Release|Any CPU
	EndGlobalSection
	GlobalSection(SolutionProperties) = preSolution
		HideSolutionNode = FALSE
	EndGlobalSection
	GlobalSection(ExtensibilityGlobals) = postSolution
		SolutionGuid = {14D2AF25-DD46-4E48-A7F6-E5364950DB01}
	EndGlobalSection
EndGlobal
